// !$*UTF8*$!
{
	archiveVersion = 1;
	classes = {
	};
	objectVersion = 50;
	objects = {

/* Begin PBXBuildFile section */
		189F6E3D22BD2E8700F77646 /* AppDelegate.swift in Sources */ = {isa = PBXBuildFile; fileRef = 189F6E3C22BD2E8700F77646 /* AppDelegate.swift */; };
		189F6E4222BD2E8700F77646 /* Main.storyboard in Resources */ = {isa = PBXBuildFile; fileRef = 189F6E4022BD2E8700F77646 /* Main.storyboard */; };
		189F6E4522BD2E8700F77646 /* tablePractice.xcdatamodeld in Sources */ = {isa = PBXBuildFile; fileRef = 189F6E4322BD2E8700F77646 /* tablePractice.xcdatamodeld */; };
		189F6E4722BD2E8C00F77646 /* Assets.xcassets in Resources */ = {isa = PBXBuildFile; fileRef = 189F6E4622BD2E8C00F77646 /* Assets.xcassets */; };
		189F6E4A22BD2E8C00F77646 /* LaunchScreen.storyboard in Resources */ = {isa = PBXBuildFile; fileRef = 189F6E4822BD2E8C00F77646 /* LaunchScreen.storyboard */; };
		189F6E5222BD331A00F77646 /* CactiTableViewController.swift in Sources */ = {isa = PBXBuildFile; fileRef = 189F6E5122BD331A00F77646 /* CactiTableViewController.swift */; };
/* End PBXBuildFile section */

/* Begin PBXFileReference section */
		189F6E3922BD2E8700F77646 /* tablePractice.app */ = {isa = PBXFileReference; explicitFileType = wrapper.application; includeInIndex = 0; path = tablePractice.app; sourceTree = BUILT_PRODUCTS_DIR; };
		189F6E3C22BD2E8700F77646 /* AppDelegate.swift */ = {isa = PBXFileReference; lastKnownFileType = sourcecode.swift; path = AppDelegate.swift; sourceTree = "<group>"; };
		189F6E4122BD2E8700F77646 /* Base */ = {isa = PBXFileReference; lastKnownFileType = file.storyboard; name = Base; path = Base.lproj/Main.storyboard; sourceTree = "<group>"; };
		189F6E4422BD2E8700F77646 /* tablePractice.xcdatamodel */ = {isa = PBXFileReference; lastKnownFileType = wrapper.xcdatamodel; path = tablePractice.xcdatamodel; sourceTree = "<group>"; };
		189F6E4622BD2E8C00F77646 /* Assets.xcassets */ = {isa = PBXFileReference; lastKnownFileType = folder.assetcatalog; path = Assets.xcassets; sourceTree = "<group>"; };
		189F6E4922BD2E8C00F77646 /* Base */ = {isa = PBXFileReference; lastKnownFileType = file.storyboard; name = Base; path = Base.lproj/LaunchScreen.storyboard; sourceTree = "<group>"; };
		189F6E4B22BD2E8C00F77646 /* Info.plist */ = {isa = PBXFileReference; lastKnownFileType = text.plist.xml; path = Info.plist; sourceTree = "<group>"; };
		189F6E5122BD331A00F77646 /* CactiTableViewController.swift */ = {isa = PBXFileReference; lastKnownFileType = sourcecode.swift; path = CactiTableViewController.swift; sourceTree = "<group>"; };
/* End PBXFileReference section */

/* Begin PBXFrameworksBuildPhase section */
		189F6E3622BD2E8700F77646 /* Frameworks */ = {
			isa = PBXFrameworksBuildPhase;
			buildActionMask = 2147483647;
			files = (
			);
			runOnlyForDeploymentPostprocessing = 0;
		};
/* End PBXFrameworksBuildPhase section */

/* Begin PBXGroup section */
		189F6E3022BD2E8700F77646 = {
			isa = PBXGroup;
			children = (
				189F6E3B22BD2E8700F77646 /* tablePractice */,
				189F6E3A22BD2E8700F77646 /* Products */,
			);
			sourceTree = "<group>";
		};
		189F6E3A22BD2E8700F77646 /* Products */ = {
			isa = PBXGroup;
			children = (
				189F6E3922BD2E8700F77646 /* tablePractice.app */,
			);
			name = Products;
			sourceTree = "<group>";
		};
		189F6E3B22BD2E8700F77646 /* tablePractice */ = {
			isa = PBXGroup;
			children = (
				189F6E3C22BD2E8700F77646 /* AppDelegate.swift */,
				189F6E4022BD2E8700F77646 /* Main.storyboard */,
				189F6E4622BD2E8C00F77646 /* Assets.xcassets */,
				189F6E4822BD2E8C00F77646 /* LaunchScreen.storyboard */,
				189F6E4B22BD2E8C00F77646 /* Info.plist */,
				189F6E4322BD2E8700F77646 /* tablePractice.xcdatamodeld */,
				189F6E5122BD331A00F77646 /* CactiTableViewController.swift */,
			);
			path = tablePractice;
			sourceTree = "<group>";
		};
/* End PBXGroup section */

/* Begin PBXNativeTarget section */
		189F6E3822BD2E8700F77646 /* tablePractice */ = {
			isa = PBXNativeTarget;
			buildConfigurationList = 189F6E4E22BD2E8C00F77646 /* Build configuration list for PBXNativeTarget "tablePractice" */;
			buildPhases = (
				189F6E3522BD2E8700F77646 /* Sources */,
				189F6E3622BD2E8700F77646 /* Frameworks */,
				189F6E3722BD2E8700F77646 /* Resources */,
			);
			buildRules = (
			);
			dependencies = (
			);
			name = tablePractice;
			productName = tablePractice;
			productReference = 189F6E3922BD2E8700F77646 /* tablePractice.app */;
			productType = "com.apple.product-type.application";
		};
/* End PBXNativeTarget section */

/* Begin PBXProject section */
		189F6E3122BD2E8700F77646 /* Project object */ = {
			isa = PBXProject;
			attributes = {
				LastSwiftUpdateCheck = 1020;
				LastUpgradeCheck = 1020;
				ORGANIZATIONNAME = Apple;
				TargetAttributes = {
					189F6E3822BD2E8700F77646 = {
						CreatedOnToolsVersion = 10.2.1;
					};
				};
			};
			buildConfigurationList = 189F6E3422BD2E8700F77646 /* Build configuration list for PBXProject "tablePractice" */;
			compatibilityVersion = "Xcode 9.3";
			developmentRegion = en;
			hasScannedForEncodings = 0;
			knownRegions = (
				en,
				Base,
			);
			mainGroup = 189F6E3022BD2E8700F77646;
			productRefGroup = 189F6E3A22BD2E8700F77646 /* Products */;
			projectDirPath = "";
			projectRoot = "";
			targets = (
				189F6E3822BD2E8700F77646 /* tablePractice */,
			);
		};
/* End PBXProject section */

/* Begin PBXResourcesBuildPhase section */
		189F6E3722BD2E8700F77646 /* Resources */ = {
			isa = PBXResourcesBuildPhase;
			buildActionMask = 2147483647;
			files = (
				189F6E4A22BD2E8C00F77646 /* LaunchScreen.storyboard in Resources */,
				189F6E4722BD2E8C00F77646 /* Assets.xcassets in Resources */,
				189F6E4222BD2E8700F77646 /* Main.storyboard in Resources */,
			);
			runOnlyForDeploymentPostprocessing = 0;
		};
/* End PBXResourcesBuildPhase section */

/* Begin PBXSourcesBuildPhase section */
		189F6E3522BD2E8700F77646 /* Sources */ = {
			isa = PBXSourcesBuildPhase;
			buildActionMask = 2147483647;
			files = (
				189F6E5222BD331A00F77646 /* CactiTableViewController.swift in Sources */,
				189F6E4522BD2E8700F77646 /* tablePractice.xcdatamodeld in Sources */,
				189F6E3D22BD2E8700F77646 /* AppDelegate.swift in Sources */,
			);
			runOnlyForDeploymentPostprocessing = 0;
		};
/* End PBXSourcesBuildPhase section */

/* Begin PBXVariantGroup section */
		189F6E4022BD2E8700F77646 /* Main.storyboard */ = {
			isa = PBXVariantGroup;
			children = (
				189F6E4122BD2E8700F77646 /* Base */,
			);
			name = Main.storyboard;
			sourceTree = "<group>";
		};
		189F6E4822BD2E8C00F77646 /* LaunchScreen.storyboard */ = {
			isa = PBXVariantGroup;
			children = (
				189F6E4922BD2E8C00F77646 /* Base */,
			);
			name = LaunchScreen.storyboard;
			sourceTree = "<group>";
		};
/* End PBXVariantGroup section */

/* Begin XCBuildConfiguration section */
		189F6E4C22BD2E8C00F77646 /* Debug */ = {
			isa = XCBuildConfiguration;
			buildSettings = {
				ALWAYS_SEARCH_USER_PATHS = NO;
				CLANG_ANALYZER_NONNULL = YES;
				CLANG_ANALYZER_NUMBER_OBJECT_CONVERSION = YES_AGGRESSIVE;
				CLANG_CXX_LANGUAGE_STANDARD = "gnu++14";
				CLANG_CXX_LIBRARY = "libc++";
				CLANG_ENABLE_MODULES = YES;
				CLANG_ENABLE_OBJC_ARC = YES;
				CLANG_ENABLE_OBJC_WEAK = YES;
				CLANG_WARN_BLOCK_CAPTURE_AUTORELEASING = YES;
				CLANG_WARN_BOOL_CONVERSION = YES;
				CLANG_WARN_COMMA = YES;
				CLANG_WARN_CONSTANT_CONVERSION = YES;
				CLANG_WARN_DEPRECATED_OBJC_IMPLEMENTATIONS = YES;
				CLANG_WARN_DIRECT_OBJC_ISA_USAGE = YES_ERROR;
				CLANG_WARN_DOCUMENTATION_COMMENTS = YES;
				CLANG_WARN_EMPTY_BODY = YES;
				CLANG_WARN_ENUM_CONVERSION = YES;
				CLANG_WARN_INFINITE_RECURSION = YES;
				CLANG_WARN_INT_CONVERSION = YES;
				CLANG_WARN_NON_LITERAL_NULL_CONVERSION = YES;
				CLANG_WARN_OBJC_IMPLICIT_RETAIN_SELF = YES;
				CLANG_WARN_OBJC_LITERAL_CONVERSION = YES;
				CLANG_WARN_OBJC_ROOT_CLASS = YES_ERROR;
				CLANG_WARN_RANGE_LOOP_ANALYSIS = YES;
				CLANG_WARN_STRICT_PROTOTYPES = YES;
				CLANG_WARN_SUSPICIOUS_MOVE = YES;
				CLANG_WARN_UNGUARDED_AVAILABILITY = YES_AGGRESSIVE;
				CLANG_WARN_UNREACHABLE_CODE = YES;
				CLANG_WARN__DUPLICATE_METHOD_MATCH = YES;
				CODE_SIGN_IDENTITY = "iPhone Developer";
				COPY_PHASE_STRIP = NO;
				DEBUG_INFORMATION_FORMAT = dwarf;
				ENABLE_STRICT_OBJC_MSGSEND = YES;
				ENABLE_TESTABILITY = YES;
				GCC_C_LANGUAGE_STANDARD = gnu11;
				GCC_DYNAMIC_NO_PIC = NO;
				GCC_NO_COMMON_BLOCKS = YES;
				GCC_OPTIMIZATION_LEVEL = 0;
				GCC_PREPROCESSOR_DEFINITIONS = (
					"DEBUG=1",
					"$(inherited)",
				);
				GCC_WARN_64_TO_32_BIT_CONVERSION = YES;
				GCC_WARN_ABOUT_RETURN_TYPE = YES_ERROR;
				GCC_WARN_UNDECLARED_SELECTOR = YES;
				GCC_WARN_UNINITIALIZED_AUTOS = YES_AGGRESSIVE;
				GCC_WARN_UNUSED_FUNCTION = YES;
				GCC_WARN_UNUSED_VARIABLE = YES;
				IPHONEOS_DEPLOYMENT_TARGET = 12.2;
				MTL_ENABLE_DEBUG_INFO = INCLUDE_SOURCE;
				MTL_FAST_MATH = YES;
				ONLY_ACTIVE_ARCH = YES;
				SDKROOT = iphoneos;
				SWIFT_ACTIVE_COMPILATION_CONDITIONS = DEBUG;
				SWIFT_OPTIMIZATION_LEVEL = "-Onone";
			};
			name = Debug;
		};
		189F6E4D22BD2E8C00F77646 /* Release */ = {
			isa = XCBuildConfiguration;
			buildSettings = {
				ALWAYS_SEARCH_USER_PATHS = NO;
				CLANG_ANALYZER_NONNULL = YES;
				CLANG_ANALYZER_NUMBER_OBJECT_CONVERSION = YES_AGGRESSIVE;
				CLANG_CXX_LANGUAGE_STANDARD = "gnu++14";
				CLANG_CXX_LIBRARY = "libc++";
				CLANG_ENABLE_MODULES = YES;
				CLANG_ENABLE_OBJC_ARC = YES;
				CLANG_ENABLE_OBJC_WEAK = YES;
				CLANG_WARN_BLOCK_CAPTURE_AUTORELEASING = YES;
				CLANG_WARN_BOOL_CONVERSION = YES;
				CLANG_WARN_COMMA = YES;
				CLANG_WARN_CONSTANT_CONVERSION = YES;
				CLANG_WARN_DEPRECATED_OBJC_IMPLEMENTATIONS = YES;
				CLANG_WARN_DIRECT_OBJC_ISA_USAGE = YES_ERROR;
				CLANG_WARN_DOCUMENTATION_COMMENTS = YES;
				CLANG_WARN_EMPTY_BODY = YES;
				CLANG_WARN_ENUM_CONVERSION = YES;
				CLANG_WARN_INFINITE_RECURSION = YES;
				CLANG_WARN_INT_CONVERSION = YES;
				CLANG_WARN_NON_LITERAL_NULL_CONVERSION = YES;
				CLANG_WARN_OBJC_IMPLICIT_RETAIN_SELF = YES;
				CLANG_WARN_OBJC_LITERAL_CONVERSION = YES;
				CLANG_WARN_OBJC_ROOT_CLASS = YES_ERROR;
				CLANG_WARN_RANGE_LOOP_ANALYSIS = YES;
				CLANG_WARN_STRICT_PROTOTYPES = YES;
				CLANG_WARN_SUSPICIOUS_MOVE = YES;
				CLANG_WARN_UNGUARDED_AVAILABILITY = YES_AGGRESSIVE;
				CLANG_WARN_UNREACHABLE_CODE = YES;
				CLANG_WARN__DUPLICATE_METHOD_MATCH = YES;
				CODE_SIGN_IDENTITY = "iPhone Developer";
				COPY_PHASE_STRIP = NO;
				DEBUG_INFORMATION_FORMAT = "dwarf-with-dsym";
				ENABLE_NS_ASSERTIONS = NO;
				ENABLE_STRICT_OBJC_MSGSEND = YES;
				GCC_C_LANGUAGE_STANDARD = gnu11;
				GCC_NO_COMMON_BLOCKS = YES;
				GCC_WARN_64_TO_32_BIT_CONVERSION = YES;
				GCC_WARN_ABOUT_RETURN_TYPE = YES_ERROR;
				GCC_WARN_UNDECLARED_SELECTOR = YES;
				GCC_WARN_UNINITIALIZED_AUTOS = YES_AGGRESSIVE;
				GCC_WARN_UNUSED_FUNCTION = YES;
				GCC_WARN_UNUSED_VARIABLE = YES;
				IPHONEOS_DEPLOYMENT_TARGET = 12.2;
				MTL_ENABLE_DEBUG_INFO = NO;
				MTL_FAST_MATH = YES;
				SDKROOT = iphoneos;
				SWIFT_COMPILATION_MODE = wholemodule;
				SWIFT_OPTIMIZATION_LEVEL = "-O";
				VALIDATE_PRODUCT = YES;
			};
			name = Release;
		};
		189F6E4F22BD2E8C00F77646 /* Debug */ = {
			isa = XCBuildConfiguration;
			buildSettings = {
				ASSETCATALOG_COMPILER_APPICON_NAME = AppIcon;
				CODE_SIGN_STYLE = Automatic;
				INFOPLIST_FILE = tablePractice/Info.plist;
				LD_RUNPATH_SEARCH_PATHS = (
					"$(inherited)",
					"@executable_path/Frameworks",
				);
				PRODUCT_BUNDLE_IDENTIFIER = KWK.tablePractice;
				PRODUCT_NAME = "$(TARGET_NAME)";
				SWIFT_VERSION = 5.0;
				TARGETED_DEVICE_FAMILY = "1,2";
			};
			name = Debug;
		};
		189F6E5022BD2E8C00F77646 /* Release */ = {
			isa = XCBuildConfiguration;
			buildSettings = {
				ASSETCATALOG_COMPILER_APPICON_NAME = AppIcon;
				CODE_SIGN_STYLE = Automatic;
				INFOPLIST_FILE = tablePractice/Info.plist;
				LD_RUNPATH_SEARCH_PATHS = (
					"$(inherited)",
					"@executable_path/Frameworks",
				);
				PRODUCT_BUNDLE_IDENTIFIER = KWK.tablePractice;
				PRODUCT_NAME = "$(TARGET_NAME)";
				SWIFT_VERSION = 5.0;
				TARGETED_DEVICE_FAMILY = "1,2";
			};
			name = Release;
		};
/* End XCBuildConfiguration section */

/* Begin XCConfigurationList section */
		189F6E3422BD2E8700F77646 /* Build configuration list for PBXProject "tablePractice" */ = {
			isa = XCConfigurationList;
			buildConfigurations = (
				189F6E4C22BD2E8C00F77646 /* Debug */,
				189F6E4D22BD2E8C00F77646 /* Release */,
			);
			defaultConfigurationIsVisible = 0;
			defaultConfigurationName = Release;
		};
		189F6E4E22BD2E8C00F77646 /* Build configuration list for PBXNativeTarget "tablePractice" */ = {
			isa = XCConfigurationList;
			buildConfigurations = (
				189F6E4F22BD2E8C00F77646 /* Debug */,
				189F6E5022BD2E8C00F77646 /* Release */,
			);
			defaultConfigurationIsVisible = 0;
			defaultConfigurationName = Release;
		};
/* End XCConfigurationList section */

/* Begin XCVersionGroup section */
		189F6E4322BD2E8700F77646 /* tablePractice.xcdatamodeld */ = {
			isa = XCVersionGroup;
			children = (
				189F6E4422BD2E8700F77646 /* tablePractice.xcdatamodel */,
			);
			currentVersion = 189F6E4422BD2E8700F77646 /* tablePractice.xcdatamodel */;
			path = tablePractice.xcdatamodeld;
			sourceTree = "<group>";
			versionGroupType = wrapper.xcdatamodel;
		};
/* End XCVersionGroup section */
	};
	rootObject = 189F6E3122BD2E8700F77646 /* Project object */;
}
